// !$*UTF8*$!
{
	archiveVersion = 1;
	classes = {
	};
	objectVersion = 50;
	objects = {

/* Begin PBXBuildFile section */
		2ACF45E12322BCBA00F348FC /* AppDelegate.swift in Sources */ = {isa = PBXBuildFile; fileRef = 2ACF45E02322BCBA00F348FC /* AppDelegate.swift */; };
		2ACF45E32322BCBA00F348FC /* ViewController.swift in Sources */ = {isa = PBXBuildFile; fileRef = 2ACF45E22322BCBA00F348FC /* ViewController.swift */; };
		2ACF45E62322BCBA00F348FC /* Main.storyboard in Resources */ = {isa = PBXBuildFile; fileRef = 2ACF45E42322BCBA00F348FC /* Main.storyboard */; };
		2ACF45E82322BCBB00F348FC /* Assets.xcassets in Resources */ = {isa = PBXBuildFile; fileRef = 2ACF45E72322BCBB00F348FC /* Assets.xcassets */; };
		2ACF45EB2322BCBB00F348FC /* LaunchScreen.storyboard in Resources */ = {isa = PBXBuildFile; fileRef = 2ACF45E92322BCBB00F348FC /* LaunchScreen.storyboard */; };
		2AEE3767246356DD00581F4D /* HomeViewController.swift in Sources */ = {isa = PBXBuildFile; fileRef = 2AEE3766246356DD00581F4D /* HomeViewController.swift */; };
		2AEE376924636A1C00581F4D /* MultichoiceViewController.swift in Sources */ = {isa = PBXBuildFile; fileRef = 2AEE376824636A1C00581F4D /* MultichoiceViewController.swift */; };
		2AEE376B2463702500581F4D /* QuestionMultichoice.swift in Sources */ = {isa = PBXBuildFile; fileRef = 2AEE376A2463702500581F4D /* QuestionMultichoice.swift */; };
		2AEE376D246370C000581F4D /* QuizBrainMultichoice.swift in Sources */ = {isa = PBXBuildFile; fileRef = 2AEE376C246370C000581F4D /* QuizBrainMultichoice.swift */; };
		2AEE376F24637E3300581F4D /* PopupViewController.swift in Sources */ = {isa = PBXBuildFile; fileRef = 2AEE376E24637E3300581F4D /* PopupViewController.swift */; };
		2AEE37732463973200581F4D /* QuestionTrueFalse.swift in Sources */ = {isa = PBXBuildFile; fileRef = 2AEE37722463973200581F4D /* QuestionTrueFalse.swift */; };
		2AEE37752463980B00581F4D /* QuizBrainTrueFalse.swift in Sources */ = {isa = PBXBuildFile; fileRef = 2AEE37742463980B00581F4D /* QuizBrainTrueFalse.swift */; };
		2AEE377724639FE500581F4D /* ModalHandler.swift in Sources */ = {isa = PBXBuildFile; fileRef = 2AEE377624639FE500581F4D /* ModalHandler.swift */; };
		2AEE37792463A86A00581F4D /* README.md in Resources */ = {isa = PBXBuildFile; fileRef = 2AEE37782463A86A00581F4D /* README.md */; };
/* End PBXBuildFile section */

/* Begin PBXFileReference section */
		2ACF45DD2322BCBA00F348FC /* Quizzler.app */ = {isa = PBXFileReference; explicitFileType = wrapper.application; includeInIndex = 0; path = Quizzler.app; sourceTree = BUILT_PRODUCTS_DIR; };
		2ACF45E02322BCBA00F348FC /* AppDelegate.swift */ = {isa = PBXFileReference; lastKnownFileType = sourcecode.swift; path = AppDelegate.swift; sourceTree = "<group>"; };
		2ACF45E22322BCBA00F348FC /* ViewController.swift */ = {isa = PBXFileReference; lastKnownFileType = sourcecode.swift; path = ViewController.swift; sourceTree = "<group>"; };
		2ACF45E52322BCBA00F348FC /* Base */ = {isa = PBXFileReference; lastKnownFileType = file.storyboard; name = Base; path = Base.lproj/Main.storyboard; sourceTree = "<group>"; };
		2ACF45E72322BCBB00F348FC /* Assets.xcassets */ = {isa = PBXFileReference; lastKnownFileType = folder.assetcatalog; path = Assets.xcassets; sourceTree = "<group>"; };
		2ACF45EA2322BCBB00F348FC /* Base */ = {isa = PBXFileReference; lastKnownFileType = file.storyboard; name = Base; path = Base.lproj/LaunchScreen.storyboard; sourceTree = "<group>"; };
		2ACF45EC2322BCBB00F348FC /* Info.plist */ = {isa = PBXFileReference; lastKnownFileType = text.plist.xml; path = Info.plist; sourceTree = "<group>"; };
		2AEE3766246356DD00581F4D /* HomeViewController.swift */ = {isa = PBXFileReference; lastKnownFileType = sourcecode.swift; path = HomeViewController.swift; sourceTree = "<group>"; };
		2AEE376824636A1C00581F4D /* MultichoiceViewController.swift */ = {isa = PBXFileReference; lastKnownFileType = sourcecode.swift; path = MultichoiceViewController.swift; sourceTree = "<group>"; };
		2AEE376A2463702500581F4D /* QuestionMultichoice.swift */ = {isa = PBXFileReference; lastKnownFileType = sourcecode.swift; path = QuestionMultichoice.swift; sourceTree = "<group>"; };
		2AEE376C246370C000581F4D /* QuizBrainMultichoice.swift */ = {isa = PBXFileReference; lastKnownFileType = sourcecode.swift; path = QuizBrainMultichoice.swift; sourceTree = "<group>"; };
		2AEE376E24637E3300581F4D /* PopupViewController.swift */ = {isa = PBXFileReference; lastKnownFileType = sourcecode.swift; path = PopupViewController.swift; sourceTree = "<group>"; };
		2AEE37722463973200581F4D /* QuestionTrueFalse.swift */ = {isa = PBXFileReference; lastKnownFileType = sourcecode.swift; path = QuestionTrueFalse.swift; sourceTree = "<group>"; };
		2AEE37742463980B00581F4D /* QuizBrainTrueFalse.swift */ = {isa = PBXFileReference; lastKnownFileType = sourcecode.swift; path = QuizBrainTrueFalse.swift; sourceTree = "<group>"; };
		2AEE377624639FE500581F4D /* ModalHandler.swift */ = {isa = PBXFileReference; lastKnownFileType = sourcecode.swift; path = ModalHandler.swift; sourceTree = "<group>"; };
		2AEE37782463A86A00581F4D /* README.md */ = {isa = PBXFileReference; fileEncoding = 4; lastKnownFileType = net.daringfireball.markdown; path = README.md; sourceTree = "<group>"; };
/* End PBXFileReference section */

/* Begin PBXFrameworksBuildPhase section */
		2ACF45DA2322BCBA00F348FC /* Frameworks */ = {
			isa = PBXFrameworksBuildPhase;
			buildActionMask = 2147483647;
			files = (
			);
			runOnlyForDeploymentPostprocessing = 0;
		};
/* End PBXFrameworksBuildPhase section */

/* Begin PBXGroup section */
		2ACF45D42322BCBA00F348FC = {
			isa = PBXGroup;
			children = (
				2AEE37782463A86A00581F4D /* README.md */,
				2ACF45DF2322BCBA00F348FC /* Quizzler */,
				2ACF45DE2322BCBA00F348FC /* Products */,
			);
			sourceTree = "<group>";
		};
		2ACF45DE2322BCBA00F348FC /* Products */ = {
			isa = PBXGroup;
			children = (
				2ACF45DD2322BCBA00F348FC /* Quizzler.app */,
			);
			name = Products;
			sourceTree = "<group>";
		};
		2ACF45DF2322BCBA00F348FC /* Quizzler */ = {
			isa = PBXGroup;
			children = (
				2ACF45E02322BCBA00F348FC /* AppDelegate.swift */,
				2AEE37632463434100581F4D /* Model */,
				2AEE37622463433600581F4D /* View */,
				2AEE37612463432900581F4D /* Controller */,
				2ACF45E72322BCBB00F348FC /* Assets.xcassets */,
				2ACF45E92322BCBB00F348FC /* LaunchScreen.storyboard */,
				2ACF45EC2322BCBB00F348FC /* Info.plist */,
			);
			path = Quizzler;
			sourceTree = "<group>";
		};
		2AEE37612463432900581F4D /* Controller */ = {
			isa = PBXGroup;
			children = (
				2ACF45E22322BCBA00F348FC /* ViewController.swift */,
				2AEE3766246356DD00581F4D /* HomeViewController.swift */,
				2AEE376824636A1C00581F4D /* MultichoiceViewController.swift */,
				2AEE376E24637E3300581F4D /* PopupViewController.swift */,
				2AEE377624639FE500581F4D /* ModalHandler.swift */,
			);
			path = Controller;
			sourceTree = "<group>";
		};
		2AEE37622463433600581F4D /* View */ = {
			isa = PBXGroup;
			children = (
				2ACF45E42322BCBA00F348FC /* Main.storyboard */,
			);
			path = View;
			sourceTree = "<group>";
		};
		2AEE37632463434100581F4D /* Model */ = {
			isa = PBXGroup;
			children = (
				2AEE376A2463702500581F4D /* QuestionMultichoice.swift */,
				2AEE376C246370C000581F4D /* QuizBrainMultichoice.swift */,
				2AEE37722463973200581F4D /* QuestionTrueFalse.swift */,
				2AEE37742463980B00581F4D /* QuizBrainTrueFalse.swift */,
			);
			path = Model;
			sourceTree = "<group>";
		};
/* End PBXGroup section */

/* Begin PBXNativeTarget section */
		2ACF45DC2322BCBA00F348FC /* Quizzler */ = {
			isa = PBXNativeTarget;
			buildConfigurationList = 2ACF45EF2322BCBB00F348FC /* Build configuration list for PBXNativeTarget "Quizzler" */;
			buildPhases = (
				2ACF45D92322BCBA00F348FC /* Sources */,
				2ACF45DA2322BCBA00F348FC /* Frameworks */,
				2ACF45DB2322BCBA00F348FC /* Resources */,
			);
			buildRules = (
			);
			dependencies = (
			);
			name = Quizzler;
			productName = Quizzler;
			productReference = 2ACF45DD2322BCBA00F348FC /* Quizzler.app */;
			productType = "com.apple.product-type.application";
		};
/* End PBXNativeTarget section */

/* Begin PBXProject section */
		2ACF45D52322BCBA00F348FC /* Project object */ = {
			isa = PBXProject;
			attributes = {
				LastSwiftUpdateCheck = 1010;
				LastUpgradeCheck = 1010;
				ORGANIZATIONNAME = "Emerson Javid Gonzalez Morales";
				TargetAttributes = {
					2ACF45DC2322BCBA00F348FC = {
						CreatedOnToolsVersion = 10.1;
						LastSwiftMigration = 1140;
					};
				};
			};
			buildConfigurationList = 2ACF45D82322BCBA00F348FC /* Build configuration list for PBXProject "Quizzler" */;
			compatibilityVersion = "Xcode 9.3";
			developmentRegion = en;
			hasScannedForEncodings = 0;
			knownRegions = (
				en,
				Base,
			);
			mainGroup = 2ACF45D42322BCBA00F348FC;
			productRefGroup = 2ACF45DE2322BCBA00F348FC /* Products */;
			projectDirPath = "";
			projectRoot = "";
			targets = (
				2ACF45DC2322BCBA00F348FC /* Quizzler */,
			);
		};
/* End PBXProject section */

/* Begin PBXResourcesBuildPhase section */
		2ACF45DB2322BCBA00F348FC /* Resources */ = {
			isa = PBXResourcesBuildPhase;
			buildActionMask = 2147483647;
			files = (
				2ACF45EB2322BCBB00F348FC /* LaunchScreen.storyboard in Resources */,
				2ACF45E82322BCBB00F348FC /* Assets.xcassets in Resources */,
				2AEE37792463A86A00581F4D /* README.md in Resources */,
				2ACF45E62322BCBA00F348FC /* Main.storyboard in Resources */,
			);
			runOnlyForDeploymentPostprocessing = 0;
		};
/* End PBXResourcesBuildPhase section */

/* Begin PBXSourcesBuildPhase section */
		2ACF45D92322BCBA00F348FC /* Sources */ = {
			isa = PBXSourcesBuildPhase;
			buildActionMask = 2147483647;
			files = (
				2AEE376D246370C000581F4D /* QuizBrainMultichoice.swift in Sources */,
				2AEE3767246356DD00581F4D /* HomeViewController.swift in Sources */,
				2AEE376924636A1C00581F4D /* MultichoiceViewController.swift in Sources */,
				2AEE37752463980B00581F4D /* QuizBrainTrueFalse.swift in Sources */,
				2AEE376B2463702500581F4D /* QuestionMultichoice.swift in Sources */,
				2AEE376F24637E3300581F4D /* PopupViewController.swift in Sources */,
				2ACF45E32322BCBA00F348FC /* ViewController.swift in Sources */,
				2ACF45E12322BCBA00F348FC /* AppDelegate.swift in Sources */,
				2AEE377724639FE500581F4D /* ModalHandler.swift in Sources */,
				2AEE37732463973200581F4D /* QuestionTrueFalse.swift in Sources */,
			);
			runOnlyForDeploymentPostprocessing = 0;
		};
/* End PBXSourcesBuildPhase section */

/* Begin PBXVariantGroup section */
		2ACF45E42322BCBA00F348FC /* Main.storyboard */ = {
			isa = PBXVariantGroup;
			children = (
				2ACF45E52322BCBA00F348FC /* Base */,
			);
			name = Main.storyboard;
			sourceTree = "<group>";
		};
		2ACF45E92322BCBB00F348FC /* LaunchScreen.storyboard */ = {
			isa = PBXVariantGroup;
			children = (
				2ACF45EA2322BCBB00F348FC /* Base */,
			);
			name = LaunchScreen.storyboard;
			sourceTree = "<group>";
		};
/* End PBXVariantGroup section */

/* Begin XCBuildConfiguration section */
		2ACF45ED2322BCBB00F348FC /* Debug */ = {
			isa = XCBuildConfiguration;
			buildSettings = {
				ALWAYS_SEARCH_USER_PATHS = NO;
				CLANG_ANALYZER_NONNULL = YES;
				CLANG_ANALYZER_NUMBER_OBJECT_CONVERSION = YES_AGGRESSIVE;
				CLANG_CXX_LANGUAGE_STANDARD = "gnu++14";
				CLANG_CXX_LIBRARY = "libc++";
				CLANG_ENABLE_MODULES = YES;
				CLANG_ENABLE_OBJC_ARC = YES;
				CLANG_ENABLE_OBJC_WEAK = YES;
				CLANG_WARN_BLOCK_CAPTURE_AUTORELEASING = YES;
				CLANG_WARN_BOOL_CONVERSION = YES;
				CLANG_WARN_COMMA = YES;
				CLANG_WARN_CONSTANT_CONVERSION = YES;
				CLANG_WARN_DEPRECATED_OBJC_IMPLEMENTATIONS = YES;
				CLANG_WARN_DIRECT_OBJC_ISA_USAGE = YES_ERROR;
				CLANG_WARN_DOCUMENTATION_COMMENTS = YES;
				CLANG_WARN_EMPTY_BODY = YES;
				CLANG_WARN_ENUM_CONVERSION = YES;
				CLANG_WARN_INFINITE_RECURSION = YES;
				CLANG_WARN_INT_CONVERSION = YES;
				CLANG_WARN_NON_LITERAL_NULL_CONVERSION = YES;
				CLANG_WARN_OBJC_IMPLICIT_RETAIN_SELF = YES;
				CLANG_WARN_OBJC_LITERAL_CONVERSION = YES;
				CLANG_WARN_OBJC_ROOT_CLASS = YES_ERROR;
				CLANG_WARN_RANGE_LOOP_ANALYSIS = YES;
				CLANG_WARN_STRICT_PROTOTYPES = YES;
				CLANG_WARN_SUSPICIOUS_MOVE = YES;
				CLANG_WARN_UNGUARDED_AVAILABILITY = YES_AGGRESSIVE;
				CLANG_WARN_UNREACHABLE_CODE = YES;
				CLANG_WARN__DUPLICATE_METHOD_MATCH = YES;
				CODE_SIGN_IDENTITY = "iPhone Developer";
				COPY_PHASE_STRIP = NO;
				DEBUG_INFORMATION_FORMAT = dwarf;
				ENABLE_STRICT_OBJC_MSGSEND = YES;
				ENABLE_TESTABILITY = YES;
				GCC_C_LANGUAGE_STANDARD = gnu11;
				GCC_DYNAMIC_NO_PIC = NO;
				GCC_NO_COMMON_BLOCKS = YES;
				GCC_OPTIMIZATION_LEVEL = 0;
				GCC_PREPROCESSOR_DEFINITIONS = (
					"DEBUG=1",
					"$(inherited)",
				);
				GCC_WARN_64_TO_32_BIT_CONVERSION = YES;
				GCC_WARN_ABOUT_RETURN_TYPE = YES_ERROR;
				GCC_WARN_UNDECLARED_SELECTOR = YES;
				GCC_WARN_UNINITIALIZED_AUTOS = YES_AGGRESSIVE;
				GCC_WARN_UNUSED_FUNCTION = YES;
				GCC_WARN_UNUSED_VARIABLE = YES;
				IPHONEOS_DEPLOYMENT_TARGET = 12.1;
				MTL_ENABLE_DEBUG_INFO = INCLUDE_SOURCE;
				MTL_FAST_MATH = YES;
				ONLY_ACTIVE_ARCH = YES;
				SDKROOT = iphoneos;
				SWIFT_ACTIVE_COMPILATION_CONDITIONS = DEBUG;
				SWIFT_OPTIMIZATION_LEVEL = "-Onone";
			};
			name = Debug;
		};
		2ACF45EE2322BCBB00F348FC /* Release */ = {
			isa = XCBuildConfiguration;
			buildSettings = {
				ALWAYS_SEARCH_USER_PATHS = NO;
				CLANG_ANALYZER_NONNULL = YES;
				CLANG_ANALYZER_NUMBER_OBJECT_CONVERSION = YES_AGGRESSIVE;
				CLANG_CXX_LANGUAGE_STANDARD = "gnu++14";
				CLANG_CXX_LIBRARY = "libc++";
				CLANG_ENABLE_MODULES = YES;
				CLANG_ENABLE_OBJC_ARC = YES;
				CLANG_ENABLE_OBJC_WEAK = YES;
				CLANG_WARN_BLOCK_CAPTURE_AUTORELEASING = YES;
				CLANG_WARN_BOOL_CONVERSION = YES;
				CLANG_WARN_COMMA = YES;
				CLANG_WARN_CONSTANT_CONVERSION = YES;
				CLANG_WARN_DEPRECATED_OBJC_IMPLEMENTATIONS = YES;
				CLANG_WARN_DIRECT_OBJC_ISA_USAGE = YES_ERROR;
				CLANG_WARN_DOCUMENTATION_COMMENTS = YES;
				CLANG_WARN_EMPTY_BODY = YES;
				CLANG_WARN_ENUM_CONVERSION = YES;
				CLANG_WARN_INFINITE_RECURSION = YES;
				CLANG_WARN_INT_CONVERSION = YES;
				CLANG_WARN_NON_LITERAL_NULL_CONVERSION = YES;
				CLANG_WARN_OBJC_IMPLICIT_RETAIN_SELF = YES;
				CLANG_WARN_OBJC_LITERAL_CONVERSION = YES;
				CLANG_WARN_OBJC_ROOT_CLASS = YES_ERROR;
				CLANG_WARN_RANGE_LOOP_ANALYSIS = YES;
				CLANG_WARN_STRICT_PROTOTYPES = YES;
				CLANG_WARN_SUSPICIOUS_MOVE = YES;
				CLANG_WARN_UNGUARDED_AVAILABILITY = YES_AGGRESSIVE;
				CLANG_WARN_UNREACHABLE_CODE = YES;
				CLANG_WARN__DUPLICATE_METHOD_MATCH = YES;
				CODE_SIGN_IDENTITY = "iPhone Developer";
				COPY_PHASE_STRIP = NO;
				DEBUG_INFORMATION_FORMAT = "dwarf-with-dsym";
				ENABLE_NS_ASSERTIONS = NO;
				ENABLE_STRICT_OBJC_MSGSEND = YES;
				GCC_C_LANGUAGE_STANDARD = gnu11;
				GCC_NO_COMMON_BLOCKS = YES;
				GCC_WARN_64_TO_32_BIT_CONVERSION = YES;
				GCC_WARN_ABOUT_RETURN_TYPE = YES_ERROR;
				GCC_WARN_UNDECLARED_SELECTOR = YES;
				GCC_WARN_UNINITIALIZED_AUTOS = YES_AGGRESSIVE;
				GCC_WARN_UNUSED_FUNCTION = YES;
				GCC_WARN_UNUSED_VARIABLE = YES;
				IPHONEOS_DEPLOYMENT_TARGET = 12.1;
				MTL_ENABLE_DEBUG_INFO = NO;
				MTL_FAST_MATH = YES;
				SDKROOT = iphoneos;
				SWIFT_COMPILATION_MODE = wholemodule;
				SWIFT_OPTIMIZATION_LEVEL = "-O";
				VALIDATE_PRODUCT = YES;
			};
			name = Release;
		};
		2ACF45F02322BCBB00F348FC /* Debug */ = {
			isa = XCBuildConfiguration;
			buildSettings = {
				ASSETCATALOG_COMPILER_APPICON_NAME = AppIcon;
				CODE_SIGN_STYLE = Automatic;
				DEVELOPMENT_TEAM = AXFJSQZQ4X;
				INFOPLIST_FILE = Quizzler/Info.plist;
				LD_RUNPATH_SEARCH_PATHS = (
					"$(inherited)",
					"@executable_path/Frameworks",
				);
				PRODUCT_BUNDLE_IDENTIFIER = com.emerdeveloper.Quizzler;
				PRODUCT_NAME = "$(TARGET_NAME)";
				SWIFT_VERSION = 5.0;
				TARGETED_DEVICE_FAMILY = 1;
			};
			name = Debug;
		};
		2ACF45F12322BCBB00F348FC /* Release */ = {
			isa = XCBuildConfiguration;
			buildSettings = {
				ASSETCATALOG_COMPILER_APPICON_NAME = AppIcon;
				CODE_SIGN_STYLE = Automatic;
				DEVELOPMENT_TEAM = AXFJSQZQ4X;
				INFOPLIST_FILE = Quizzler/Info.plist;
				LD_RUNPATH_SEARCH_PATHS = (
					"$(inherited)",
					"@executable_path/Frameworks",
				);
				PRODUCT_BUNDLE_IDENTIFIER = com.emerdeveloper.Quizzler;
				PRODUCT_NAME = "$(TARGET_NAME)";
				SWIFT_VERSION = 5.0;
				TARGETED_DEVICE_FAMILY = 1;
			};
			name = Release;
		};
/* End XCBuildConfiguration section */

/* Begin XCConfigurationList section */
		2ACF45D82322BCBA00F348FC /* Build configuration list for PBXProject "Quizzler" */ = {
			isa = XCConfigurationList;
			buildConfigurations = (
				2ACF45ED2322BCBB00F348FC /* Debug */,
				2ACF45EE2322BCBB00F348FC /* Release */,
			);
			defaultConfigurationIsVisible = 0;
			defaultConfigurationName = Release;
		};
		2ACF45EF2322BCBB00F348FC /* Build configuration list for PBXNativeTarget "Quizzler" */ = {
			isa = XCConfigurationList;
			buildConfigurations = (
				2ACF45F02322BCBB00F348FC /* Debug */,
				2ACF45F12322BCBB00F348FC /* Release */,
			);
			defaultConfigurationIsVisible = 0;
			defaultConfigurationName = Release;
		};
/* End XCConfigurationList section */
	};
	rootObject = 2ACF45D52322BCBA00F348FC /* Project object */;
}
